{
  "name": "miniprogram",
  "version": "1.0.0",
  "lockfileVersion": 1,
  "requires": true,
  "dependencies": {
    "@vant/weapp": {
      "version": "1.0.7",
      "resolved": "https://registry.npm.taobao.org/@vant/weapp/download/@vant/weapp-1.0.7.tgz",
      "integrity": "sha1-G5CJgjQKk2T3WjRuFKMcBmYE/GI="
    },
    "docxtemplater": {
      "version": "3.16.11",
      "resolved": "https://registry.npmjs.org/docxtemplater/-/docxtemplater-3.16.11.tgz",
      "integrity": "sha512-LhcQ2ngKyFDFQPdd3qyou85cadwtpPkqaSQ/oQ3jWByqvXxmJh1vHN26sGtnCYqrLAVawX18L1lOqJ9OtMQs0A==",
      "requires": {
        "xmldom": "^0.2.1"
      }
    },
    "xmldom": {
      "version": "0.2.1",
      "resolved": "https://registry.npmjs.org/xmldom/-/xmldom-0.2.1.tgz",
      "integrity": "sha512-kXXiYvmblIgEemGeB75y97FyaZavx6SQhGppLw5TKWAD2Wd0KAly0g23eVLh17YcpxZpnFym1Qk/eaRjy1APPg=="
    }
  }
}
